
Microsoft Visual Studio Solution File, Format Version 12.00
# Visual Studio Version 16
VisualStudioVersion = 16.0.30804.86
MinimumVisualStudioVersion = 10.0.40219.1
Project("{FAE04EC0-301F-11D3-BF4B-00C04F79EFBC}") = "AppSecAssignment_2021", "AppSecAssignment_2021\AppSecAssignment_2021.csproj", "{D68B8D57-B6B6-4556-B3A5-14C38D9BE6E8}"
	ProjectSection(ProjectDependencies) = postProject
		{08D134E6-D45B-4667-A467-9FD8B38D6FD7} = {08D134E6-D45B-4667-A467-9FD8B38D6FD7}
	EndProjectSection
EndProject
Project("{FAE04EC0-301F-11D3-BF4B-00C04F79EFBC}") = "AS_DB_Service", "AS_DB_Service\AS_DB_Service.csproj", "{08D134E6-D45B-4667-A467-9FD8B38D6FD7}"
EndProject
Global
	GlobalSection(SolutionConfigurationPlatforms) = preSolution
		Debug|Any CPU = Debug|Any CPU
		Release|Any CPU = Release|Any CPU
	EndGlobalSection
	GlobalSection(ProjectConfigurationPlatforms) = postSolution
		{D68B8D57-B6B6-4556-B3A5-14C38D9BE6E8}.Debug|Any CPU.ActiveCfg = Debug|Any CPU
		{D68B8D57-B6B6-4556-B3A5-14C38D9BE6E8}.Debug|Any CPU.Build.0 = Debug|Any CPU
		{D68B8D57-B6B6-4556-B3A5-14C38D9BE6E8}.Release|Any CPU.ActiveCfg = Release|Any CPU
		{D68B8D57-B6B6-4556-B3A5-14C38D9BE6E8}.Release|Any CPU.Build.0 = Release|Any CPU
		{08D134E6-D45B-4667-A467-9FD8B38D6FD7}.Debug|Any CPU.ActiveCfg = Debug|Any CPU
		{08D134E6-D45B-4667-A467-9FD8B38D6FD7}.Debug|Any CPU.Build.0 = Debug|Any CPU
		{08D134E6-D45B-4667-A467-9FD8B38D6FD7}.Release|Any CPU.ActiveCfg = Release|Any CPU
		{08D134E6-D45B-4667-A467-9FD8B38D6FD7}.Release|Any CPU.Build.0 = Release|Any CPU
	EndGlobalSection
	GlobalSection(SolutionProperties) = preSolution
		HideSolutionNode = FALSE
	EndGlobalSection
	GlobalSection(ExtensibilityGlobals) = postSolution
		SolutionGuid = {F9B36E0D-691F-42A4-A0D3-35C1A6033225}
	EndGlobalSection
EndGlobal
